// !$*UTF8*$!
{
	archiveVersion = 1;
	classes = {
	};
	objectVersion = 55;
	objects = {

/* Begin PBXBuildFile section */
		23C0CD30284BCF8A002DFEF6 /* AppDelegate.swift in Sources */ = {isa = PBXBuildFile; fileRef = 23C0CD2F284BCF8A002DFEF6 /* AppDelegate.swift */; };
		23C0CD32284BCF8A002DFEF6 /* SceneDelegate.swift in Sources */ = {isa = PBXBuildFile; fileRef = 23C0CD31284BCF8A002DFEF6 /* SceneDelegate.swift */; };
		23C0CD34284BCF8A002DFEF6 /* MainViewController.swift in Sources */ = {isa = PBXBuildFile; fileRef = 23C0CD33284BCF8A002DFEF6 /* MainViewController.swift */; };
		23C0CD39284BCF8B002DFEF6 /* Assets.xcassets in Resources */ = {isa = PBXBuildFile; fileRef = 23C0CD38284BCF8B002DFEF6 /* Assets.xcassets */; };
		23C0CD3C284BCF8B002DFEF6 /* LaunchScreen.storyboard in Resources */ = {isa = PBXBuildFile; fileRef = 23C0CD3A284BCF8B002DFEF6 /* LaunchScreen.storyboard */; };
		23C0CD44284BD357002DFEF6 /* MainView.swift in Sources */ = {isa = PBXBuildFile; fileRef = 23C0CD43284BD357002DFEF6 /* MainView.swift */; };
		23C0CD48284BDC8F002DFEF6 /* PhotoCollectionViewCell.swift in Sources */ = {isa = PBXBuildFile; fileRef = 23C0CD47284BDC8F002DFEF6 /* PhotoCollectionViewCell.swift */; };
		23C0CD4C284BE35D002DFEF6 /* MainViewModel.swift in Sources */ = {isa = PBXBuildFile; fileRef = 23C0CD4B284BE35D002DFEF6 /* MainViewModel.swift */; };
		23C0CD50284BE39D002DFEF6 /* APIKeysInfo.plist in Resources */ = {isa = PBXBuildFile; fileRef = 23C0CD4F284BE39D002DFEF6 /* APIKeysInfo.plist */; };
		23C0CD52284BE408002DFEF6 /* Photo++Bundle.swift in Sources */ = {isa = PBXBuildFile; fileRef = 23C0CD51284BE408002DFEF6 /* Photo++Bundle.swift */; };
		23C0CD54284BE42F002DFEF6 /* GeneralAPIComponents.swift in Sources */ = {isa = PBXBuildFile; fileRef = 23C0CD53284BE42F002DFEF6 /* GeneralAPIComponents.swift */; };
		23C0CD56284BE4AB002DFEF6 /* UnsplashAPI.swift in Sources */ = {isa = PBXBuildFile; fileRef = 23C0CD55284BE4AB002DFEF6 /* UnsplashAPI.swift */; };
		23C0CD58284BEB28002DFEF6 /* PhotoRequest.swift in Sources */ = {isa = PBXBuildFile; fileRef = 23C0CD57284BEB28002DFEF6 /* PhotoRequest.swift */; };
		23C0CD5B284BECD7002DFEF6 /* PhotoModel.swift in Sources */ = {isa = PBXBuildFile; fileRef = 23C0CD5A284BECD7002DFEF6 /* PhotoModel.swift */; };
		99CBF37C86C0B754E9863909 /* Pods_Photo.framework in Frameworks */ = {isa = PBXBuildFile; fileRef = 407103A23D5980DEF9C6A5D8 /* Pods_Photo.framework */; };
/* End PBXBuildFile section */

/* Begin PBXFileReference section */
		23C0CD2C284BCF8A002DFEF6 /* Photo.app */ = {isa = PBXFileReference; explicitFileType = wrapper.application; includeInIndex = 0; path = Photo.app; sourceTree = BUILT_PRODUCTS_DIR; };
		23C0CD2F284BCF8A002DFEF6 /* AppDelegate.swift */ = {isa = PBXFileReference; lastKnownFileType = sourcecode.swift; path = AppDelegate.swift; sourceTree = "<group>"; };
		23C0CD31284BCF8A002DFEF6 /* SceneDelegate.swift */ = {isa = PBXFileReference; lastKnownFileType = sourcecode.swift; path = SceneDelegate.swift; sourceTree = "<group>"; };
		23C0CD33284BCF8A002DFEF6 /* MainViewController.swift */ = {isa = PBXFileReference; lastKnownFileType = sourcecode.swift; path = MainViewController.swift; sourceTree = "<group>"; };
		23C0CD38284BCF8B002DFEF6 /* Assets.xcassets */ = {isa = PBXFileReference; lastKnownFileType = folder.assetcatalog; path = Assets.xcassets; sourceTree = "<group>"; };
		23C0CD3B284BCF8B002DFEF6 /* Base */ = {isa = PBXFileReference; lastKnownFileType = file.storyboard; name = Base; path = Base.lproj/LaunchScreen.storyboard; sourceTree = "<group>"; };
		23C0CD3D284BCF8B002DFEF6 /* Info.plist */ = {isa = PBXFileReference; lastKnownFileType = text.plist.xml; path = Info.plist; sourceTree = "<group>"; };
		23C0CD43284BD357002DFEF6 /* MainView.swift */ = {isa = PBXFileReference; lastKnownFileType = sourcecode.swift; path = MainView.swift; sourceTree = "<group>"; };
		23C0CD47284BDC8F002DFEF6 /* PhotoCollectionViewCell.swift */ = {isa = PBXFileReference; lastKnownFileType = sourcecode.swift; path = PhotoCollectionViewCell.swift; sourceTree = "<group>"; };
		23C0CD4B284BE35D002DFEF6 /* MainViewModel.swift */ = {isa = PBXFileReference; lastKnownFileType = sourcecode.swift; path = MainViewModel.swift; sourceTree = "<group>"; };
		23C0CD4F284BE39D002DFEF6 /* APIKeysInfo.plist */ = {isa = PBXFileReference; lastKnownFileType = text.plist.xml; path = APIKeysInfo.plist; sourceTree = "<group>"; };
		23C0CD51284BE408002DFEF6 /* Photo++Bundle.swift */ = {isa = PBXFileReference; lastKnownFileType = sourcecode.swift; path = "Photo++Bundle.swift"; sourceTree = "<group>"; };
		23C0CD53284BE42F002DFEF6 /* GeneralAPIComponents.swift */ = {isa = PBXFileReference; lastKnownFileType = sourcecode.swift; path = GeneralAPIComponents.swift; sourceTree = "<group>"; };
		23C0CD55284BE4AB002DFEF6 /* UnsplashAPI.swift */ = {isa = PBXFileReference; lastKnownFileType = sourcecode.swift; path = UnsplashAPI.swift; sourceTree = "<group>"; };
		23C0CD57284BEB28002DFEF6 /* PhotoRequest.swift */ = {isa = PBXFileReference; lastKnownFileType = sourcecode.swift; path = PhotoRequest.swift; sourceTree = "<group>"; };
		23C0CD5A284BECD7002DFEF6 /* PhotoModel.swift */ = {isa = PBXFileReference; lastKnownFileType = sourcecode.swift; path = PhotoModel.swift; sourceTree = "<group>"; };
		407103A23D5980DEF9C6A5D8 /* Pods_Photo.framework */ = {isa = PBXFileReference; explicitFileType = wrapper.framework; includeInIndex = 0; path = Pods_Photo.framework; sourceTree = BUILT_PRODUCTS_DIR; };
		41AB8436E7FA495AC154F39E /* Pods-Photo.debug.xcconfig */ = {isa = PBXFileReference; includeInIndex = 1; lastKnownFileType = text.xcconfig; name = "Pods-Photo.debug.xcconfig"; path = "Target Support Files/Pods-Photo/Pods-Photo.debug.xcconfig"; sourceTree = "<group>"; };
		46D9C516E7C31338A5B150C6 /* Pods-Photo.release.xcconfig */ = {isa = PBXFileReference; includeInIndex = 1; lastKnownFileType = text.xcconfig; name = "Pods-Photo.release.xcconfig"; path = "Target Support Files/Pods-Photo/Pods-Photo.release.xcconfig"; sourceTree = "<group>"; };
/* End PBXFileReference section */

/* Begin PBXFrameworksBuildPhase section */
		23C0CD29284BCF8A002DFEF6 /* Frameworks */ = {
			isa = PBXFrameworksBuildPhase;
			buildActionMask = 2147483647;
			files = (
				99CBF37C86C0B754E9863909 /* Pods_Photo.framework in Frameworks */,
			);
			runOnlyForDeploymentPostprocessing = 0;
		};
/* End PBXFrameworksBuildPhase section */

/* Begin PBXGroup section */
		23C0CD23284BCF8A002DFEF6 = {
			isa = PBXGroup;
			children = (
				23C0CD2E284BCF8A002DFEF6 /* Photo */,
				23C0CD2D284BCF8A002DFEF6 /* Products */,
				D61DFB8044361B09F072BA12 /* Pods */,
				945DB8DBB98A4F6E07658011 /* Frameworks */,
			);
			sourceTree = "<group>";
		};
		23C0CD2D284BCF8A002DFEF6 /* Products */ = {
			isa = PBXGroup;
			children = (
				23C0CD2C284BCF8A002DFEF6 /* Photo.app */,
			);
			name = Products;
			sourceTree = "<group>";
		};
		23C0CD2E284BCF8A002DFEF6 /* Photo */ = {
			isa = PBXGroup;
			children = (
				23C0CD4E284BE384002DFEF6 /* API */,
				23C0CD49284BE342002DFEF6 /* Support */,
				23C0CD4A284BE34F002DFEF6 /* View */,
				23C0CD4D284BE360002DFEF6 /* ViewModel */,
				23C0CD59284BECCE002DFEF6 /* Model */,
				23C0CD38284BCF8B002DFEF6 /* Assets.xcassets */,
				23C0CD3A284BCF8B002DFEF6 /* LaunchScreen.storyboard */,
				23C0CD3D284BCF8B002DFEF6 /* Info.plist */,
			);
			path = Photo;
			sourceTree = "<group>";
		};
		23C0CD49284BE342002DFEF6 /* Support */ = {
			isa = PBXGroup;
			children = (
				23C0CD2F284BCF8A002DFEF6 /* AppDelegate.swift */,
				23C0CD31284BCF8A002DFEF6 /* SceneDelegate.swift */,
			);
			path = Support;
			sourceTree = "<group>";
		};
		23C0CD4A284BE34F002DFEF6 /* View */ = {
			isa = PBXGroup;
			children = (
				23C0CD33284BCF8A002DFEF6 /* MainViewController.swift */,
				23C0CD43284BD357002DFEF6 /* MainView.swift */,
				23C0CD47284BDC8F002DFEF6 /* PhotoCollectionViewCell.swift */,
			);
			path = View;
			sourceTree = "<group>";
		};
		23C0CD4D284BE360002DFEF6 /* ViewModel */ = {
			isa = PBXGroup;
			children = (
				23C0CD4B284BE35D002DFEF6 /* MainViewModel.swift */,
			);
			path = ViewModel;
			sourceTree = "<group>";
		};
		23C0CD4E284BE384002DFEF6 /* API */ = {
			isa = PBXGroup;
			children = (
				23C0CD4F284BE39D002DFEF6 /* APIKeysInfo.plist */,
				23C0CD51284BE408002DFEF6 /* Photo++Bundle.swift */,
				23C0CD53284BE42F002DFEF6 /* GeneralAPIComponents.swift */,
				23C0CD55284BE4AB002DFEF6 /* UnsplashAPI.swift */,
				23C0CD57284BEB28002DFEF6 /* PhotoRequest.swift */,
			);
			path = API;
			sourceTree = "<group>";
		};
		23C0CD59284BECCE002DFEF6 /* Model */ = {
			isa = PBXGroup;
			children = (
				23C0CD5A284BECD7002DFEF6 /* PhotoModel.swift */,
			);
			path = Model;
			sourceTree = "<group>";
		};
		945DB8DBB98A4F6E07658011 /* Frameworks */ = {
			isa = PBXGroup;
			children = (
				407103A23D5980DEF9C6A5D8 /* Pods_Photo.framework */,
			);
			name = Frameworks;
			sourceTree = "<group>";
		};
		D61DFB8044361B09F072BA12 /* Pods */ = {
			isa = PBXGroup;
			children = (
				41AB8436E7FA495AC154F39E /* Pods-Photo.debug.xcconfig */,
				46D9C516E7C31338A5B150C6 /* Pods-Photo.release.xcconfig */,
			);
			path = Pods;
			sourceTree = "<group>";
		};
/* End PBXGroup section */

/* Begin PBXNativeTarget section */
		23C0CD2B284BCF8A002DFEF6 /* Photo */ = {
			isa = PBXNativeTarget;
			buildConfigurationList = 23C0CD40284BCF8B002DFEF6 /* Build configuration list for PBXNativeTarget "Photo" */;
			buildPhases = (
				E6E8021D104353F09C5CB0F0 /* [CP] Check Pods Manifest.lock */,
				23C0CD28284BCF8A002DFEF6 /* Sources */,
				23C0CD29284BCF8A002DFEF6 /* Frameworks */,
				23C0CD2A284BCF8A002DFEF6 /* Resources */,
				5BC32C680FC6A9DAB2A39FAE /* [CP] Embed Pods Frameworks */,
			);
			buildRules = (
			);
			dependencies = (
			);
			name = Photo;
			productName = Photo;
			productReference = 23C0CD2C284BCF8A002DFEF6 /* Photo.app */;
			productType = "com.apple.product-type.application";
		};
/* End PBXNativeTarget section */

/* Begin PBXProject section */
		23C0CD24284BCF8A002DFEF6 /* Project object */ = {
			isa = PBXProject;
			attributes = {
				BuildIndependentTargetsInParallel = 1;
				LastSwiftUpdateCheck = 1310;
				LastUpgradeCheck = 1310;
				TargetAttributes = {
					23C0CD2B284BCF8A002DFEF6 = {
						CreatedOnToolsVersion = 13.1;
					};
				};
			};
			buildConfigurationList = 23C0CD27284BCF8A002DFEF6 /* Build configuration list for PBXProject "Photo" */;
			compatibilityVersion = "Xcode 13.0";
			developmentRegion = en;
			hasScannedForEncodings = 0;
			knownRegions = (
				en,
				Base,
			);
			mainGroup = 23C0CD23284BCF8A002DFEF6;
			productRefGroup = 23C0CD2D284BCF8A002DFEF6 /* Products */;
			projectDirPath = "";
			projectRoot = "";
			targets = (
				23C0CD2B284BCF8A002DFEF6 /* Photo */,
			);
		};
/* End PBXProject section */

/* Begin PBXResourcesBuildPhase section */
		23C0CD2A284BCF8A002DFEF6 /* Resources */ = {
			isa = PBXResourcesBuildPhase;
			buildActionMask = 2147483647;
			files = (
				23C0CD50284BE39D002DFEF6 /* APIKeysInfo.plist in Resources */,
				23C0CD3C284BCF8B002DFEF6 /* LaunchScreen.storyboard in Resources */,
				23C0CD39284BCF8B002DFEF6 /* Assets.xcassets in Resources */,
			);
			runOnlyForDeploymentPostprocessing = 0;
		};
/* End PBXResourcesBuildPhase section */

/* Begin PBXShellScriptBuildPhase section */
		5BC32C680FC6A9DAB2A39FAE /* [CP] Embed Pods Frameworks */ = {
			isa = PBXShellScriptBuildPhase;
			buildActionMask = 2147483647;
			files = (
			);
			inputFileListPaths = (
				"${PODS_ROOT}/Target Support Files/Pods-Photo/Pods-Photo-frameworks-${CONFIGURATION}-input-files.xcfilelist",
			);
			name = "[CP] Embed Pods Frameworks";
			outputFileListPaths = (
				"${PODS_ROOT}/Target Support Files/Pods-Photo/Pods-Photo-frameworks-${CONFIGURATION}-output-files.xcfilelist",
			);
			runOnlyForDeploymentPostprocessing = 0;
			shellPath = /bin/sh;
			shellScript = "\"${PODS_ROOT}/Target Support Files/Pods-Photo/Pods-Photo-frameworks.sh\"\n";
			showEnvVarsInLog = 0;
		};
		E6E8021D104353F09C5CB0F0 /* [CP] Check Pods Manifest.lock */ = {
			isa = PBXShellScriptBuildPhase;
			buildActionMask = 2147483647;
			files = (
			);
			inputFileListPaths = (
			);
			inputPaths = (
				"${PODS_PODFILE_DIR_PATH}/Podfile.lock",
				"${PODS_ROOT}/Manifest.lock",
			);
			name = "[CP] Check Pods Manifest.lock";
			outputFileListPaths = (
			);
			outputPaths = (
				"$(DERIVED_FILE_DIR)/Pods-Photo-checkManifestLockResult.txt",
			);
			runOnlyForDeploymentPostprocessing = 0;
			shellPath = /bin/sh;
			shellScript = "diff \"${PODS_PODFILE_DIR_PATH}/Podfile.lock\" \"${PODS_ROOT}/Manifest.lock\" > /dev/null\nif [ $? != 0 ] ; then\n    # print error to STDERR\n    echo \"error: The sandbox is not in sync with the Podfile.lock. Run 'pod install' or update your CocoaPods installation.\" >&2\n    exit 1\nfi\n# This output is used by Xcode 'outputs' to avoid re-running this script phase.\necho \"SUCCESS\" > \"${SCRIPT_OUTPUT_FILE_0}\"\n";
			showEnvVarsInLog = 0;
		};
/* End PBXShellScriptBuildPhase section */

/* Begin PBXSourcesBuildPhase section */
		23C0CD28284BCF8A002DFEF6 /* Sources */ = {
			isa = PBXSourcesBuildPhase;
			buildActionMask = 2147483647;
			files = (
				23C0CD34284BCF8A002DFEF6 /* MainViewController.swift in Sources */,
				23C0CD56284BE4AB002DFEF6 /* UnsplashAPI.swift in Sources */,
				23C0CD4C284BE35D002DFEF6 /* MainViewModel.swift in Sources */,
				23C0CD52284BE408002DFEF6 /* Photo++Bundle.swift in Sources */,
				23C0CD54284BE42F002DFEF6 /* GeneralAPIComponents.swift in Sources */,
				23C0CD48284BDC8F002DFEF6 /* PhotoCollectionViewCell.swift in Sources */,
				23C0CD58284BEB28002DFEF6 /* PhotoRequest.swift in Sources */,
				23C0CD44284BD357002DFEF6 /* MainView.swift in Sources */,
				23C0CD5B284BECD7002DFEF6 /* PhotoModel.swift in Sources */,
				23C0CD30284BCF8A002DFEF6 /* AppDelegate.swift in Sources */,
				23C0CD32284BCF8A002DFEF6 /* SceneDelegate.swift in Sources */,
			);
			runOnlyForDeploymentPostprocessing = 0;
		};
/* End PBXSourcesBuildPhase section */

/* Begin PBXVariantGroup section */
		23C0CD3A284BCF8B002DFEF6 /* LaunchScreen.storyboard */ = {
			isa = PBXVariantGroup;
			children = (
				23C0CD3B284BCF8B002DFEF6 /* Base */,
			);
			name = LaunchScreen.storyboard;
			sourceTree = "<group>";
		};
/* End PBXVariantGroup section */

/* Begin XCBuildConfiguration section */
		23C0CD3E284BCF8B002DFEF6 /* Debug */ = {
			isa = XCBuildConfiguration;
			buildSettings = {
				ALWAYS_SEARCH_USER_PATHS = NO;
				CLANG_ANALYZER_NONNULL = YES;
				CLANG_ANALYZER_NUMBER_OBJECT_CONVERSION = YES_AGGRESSIVE;
				CLANG_CXX_LANGUAGE_STANDARD = "gnu++17";
				CLANG_CXX_LIBRARY = "libc++";
				CLANG_ENABLE_MODULES = YES;
				CLANG_ENABLE_OBJC_ARC = YES;
				CLANG_ENABLE_OBJC_WEAK = YES;
				CLANG_WARN_BLOCK_CAPTURE_AUTORELEASING = YES;
				CLANG_WARN_BOOL_CONVERSION = YES;
				CLANG_WARN_COMMA = YES;
				CLANG_WARN_CONSTANT_CONVERSION = YES;
				CLANG_WARN_DEPRECATED_OBJC_IMPLEMENTATIONS = YES;
				CLANG_WARN_DIRECT_OBJC_ISA_USAGE = YES_ERROR;
				CLANG_WARN_DOCUMENTATION_COMMENTS = YES;
				CLANG_WARN_EMPTY_BODY = YES;
				CLANG_WARN_ENUM_CONVERSION = YES;
				CLANG_WARN_INFINITE_RECURSION = YES;
				CLANG_WARN_INT_CONVERSION = YES;
				CLANG_WARN_NON_LITERAL_NULL_CONVERSION = YES;
				CLANG_WARN_OBJC_IMPLICIT_RETAIN_SELF = YES;
				CLANG_WARN_OBJC_LITERAL_CONVERSION = YES;
				CLANG_WARN_OBJC_ROOT_CLASS = YES_ERROR;
				CLANG_WARN_QUOTED_INCLUDE_IN_FRAMEWORK_HEADER = YES;
				CLANG_WARN_RANGE_LOOP_ANALYSIS = YES;
				CLANG_WARN_STRICT_PROTOTYPES = YES;
				CLANG_WARN_SUSPICIOUS_MOVE = YES;
				CLANG_WARN_UNGUARDED_AVAILABILITY = YES_AGGRESSIVE;
				CLANG_WARN_UNREACHABLE_CODE = YES;
				CLANG_WARN__DUPLICATE_METHOD_MATCH = YES;
				COPY_PHASE_STRIP = NO;
				DEBUG_INFORMATION_FORMAT = dwarf;
				ENABLE_STRICT_OBJC_MSGSEND = YES;
				ENABLE_TESTABILITY = YES;
				GCC_C_LANGUAGE_STANDARD = gnu11;
				GCC_DYNAMIC_NO_PIC = NO;
				GCC_NO_COMMON_BLOCKS = YES;
				GCC_OPTIMIZATION_LEVEL = 0;
				GCC_PREPROCESSOR_DEFINITIONS = (
					"DEBUG=1",
					"$(inherited)",
				);
				GCC_WARN_64_TO_32_BIT_CONVERSION = YES;
				GCC_WARN_ABOUT_RETURN_TYPE = YES_ERROR;
				GCC_WARN_UNDECLARED_SELECTOR = YES;
				GCC_WARN_UNINITIALIZED_AUTOS = YES_AGGRESSIVE;
				GCC_WARN_UNUSED_FUNCTION = YES;
				GCC_WARN_UNUSED_VARIABLE = YES;
				IPHONEOS_DEPLOYMENT_TARGET = 15.0;
				MTL_ENABLE_DEBUG_INFO = INCLUDE_SOURCE;
				MTL_FAST_MATH = YES;
				ONLY_ACTIVE_ARCH = YES;
				SDKROOT = iphoneos;
				SWIFT_ACTIVE_COMPILATION_CONDITIONS = DEBUG;
				SWIFT_OPTIMIZATION_LEVEL = "-Onone";
			};
			name = Debug;
		};
		23C0CD3F284BCF8B002DFEF6 /* Release */ = {
			isa = XCBuildConfiguration;
			buildSettings = {
				ALWAYS_SEARCH_USER_PATHS = NO;
				CLANG_ANALYZER_NONNULL = YES;
				CLANG_ANALYZER_NUMBER_OBJECT_CONVERSION = YES_AGGRESSIVE;
				CLANG_CXX_LANGUAGE_STANDARD = "gnu++17";
				CLANG_CXX_LIBRARY = "libc++";
				CLANG_ENABLE_MODULES = YES;
				CLANG_ENABLE_OBJC_ARC = YES;
				CLANG_ENABLE_OBJC_WEAK = YES;
				CLANG_WARN_BLOCK_CAPTURE_AUTORELEASING = YES;
				CLANG_WARN_BOOL_CONVERSION = YES;
				CLANG_WARN_COMMA = YES;
				CLANG_WARN_CONSTANT_CONVERSION = YES;
				CLANG_WARN_DEPRECATED_OBJC_IMPLEMENTATIONS = YES;
				CLANG_WARN_DIRECT_OBJC_ISA_USAGE = YES_ERROR;
				CLANG_WARN_DOCUMENTATION_COMMENTS = YES;
				CLANG_WARN_EMPTY_BODY = YES;
				CLANG_WARN_ENUM_CONVERSION = YES;
				CLANG_WARN_INFINITE_RECURSION = YES;
				CLANG_WARN_INT_CONVERSION = YES;
				CLANG_WARN_NON_LITERAL_NULL_CONVERSION = YES;
				CLANG_WARN_OBJC_IMPLICIT_RETAIN_SELF = YES;
				CLANG_WARN_OBJC_LITERAL_CONVERSION = YES;
				CLANG_WARN_OBJC_ROOT_CLASS = YES_ERROR;
				CLANG_WARN_QUOTED_INCLUDE_IN_FRAMEWORK_HEADER = YES;
				CLANG_WARN_RANGE_LOOP_ANALYSIS = YES;
				CLANG_WARN_STRICT_PROTOTYPES = YES;
				CLANG_WARN_SUSPICIOUS_MOVE = YES;
				CLANG_WARN_UNGUARDED_AVAILABILITY = YES_AGGRESSIVE;
				CLANG_WARN_UNREACHABLE_CODE = YES;
				CLANG_WARN__DUPLICATE_METHOD_MATCH = YES;
				COPY_PHASE_STRIP = NO;
				DEBUG_INFORMATION_FORMAT = "dwarf-with-dsym";
				ENABLE_NS_ASSERTIONS = NO;
				ENABLE_STRICT_OBJC_MSGSEND = YES;
				GCC_C_LANGUAGE_STANDARD = gnu11;
				GCC_NO_COMMON_BLOCKS = YES;
				GCC_WARN_64_TO_32_BIT_CONVERSION = YES;
				GCC_WARN_ABOUT_RETURN_TYPE = YES_ERROR;
				GCC_WARN_UNDECLARED_SELECTOR = YES;
				GCC_WARN_UNINITIALIZED_AUTOS = YES_AGGRESSIVE;
				GCC_WARN_UNUSED_FUNCTION = YES;
				GCC_WARN_UNUSED_VARIABLE = YES;
				IPHONEOS_DEPLOYMENT_TARGET = 15.0;
				MTL_ENABLE_DEBUG_INFO = NO;
				MTL_FAST_MATH = YES;
				SDKROOT = iphoneos;
				SWIFT_COMPILATION_MODE = wholemodule;
				SWIFT_OPTIMIZATION_LEVEL = "-O";
				VALIDATE_PRODUCT = YES;
			};
			name = Release;
		};
		23C0CD41284BCF8B002DFEF6 /* Debug */ = {
			isa = XCBuildConfiguration;
			baseConfigurationReference = 41AB8436E7FA495AC154F39E /* Pods-Photo.debug.xcconfig */;
			buildSettings = {
				ASSETCATALOG_COMPILER_APPICON_NAME = AppIcon;
				ASSETCATALOG_COMPILER_GLOBAL_ACCENT_COLOR_NAME = AccentColor;
				CODE_SIGN_STYLE = Automatic;
				CURRENT_PROJECT_VERSION = 1;
				DEVELOPMENT_TEAM = 877MN2RY22;
				GENERATE_INFOPLIST_FILE = YES;
				INFOPLIST_FILE = Photo/Info.plist;
				INFOPLIST_KEY_UIApplicationSupportsIndirectInputEvents = YES;
				INFOPLIST_KEY_UILaunchStoryboardName = LaunchScreen;
				INFOPLIST_KEY_UISupportedInterfaceOrientations = UIInterfaceOrientationPortrait;
				INFOPLIST_KEY_UISupportedInterfaceOrientations_iPad = "UIInterfaceOrientationPortrait UIInterfaceOrientationPortraitUpsideDown UIInterfaceOrientationLandscapeLeft UIInterfaceOrientationLandscapeRight";
				INFOPLIST_KEY_UISupportedInterfaceOrientations_iPhone = "UIInterfaceOrientationPortrait UIInterfaceOrientationLandscapeLeft UIInterfaceOrientationLandscapeRight";
				LD_RUNPATH_SEARCH_PATHS = (
					"$(inherited)",
					"@executable_path/Frameworks",
				);
				MARKETING_VERSION = 1.0;
				PRODUCT_BUNDLE_IDENTIFIER = yoogail105.Photo;
				PRODUCT_NAME = "$(TARGET_NAME)";
				SWIFT_EMIT_LOC_STRINGS = YES;
				SWIFT_VERSION = 5.0;
				TARGETED_DEVICE_FAMILY = 1;
			};
			name = Debug;
		};
		23C0CD42284BCF8B002DFEF6 /* Release */ = {
			isa = XCBuildConfiguration;
			baseConfigurationReference = 46D9C516E7C31338A5B150C6 /* Pods-Photo.release.xcconfig */;
			buildSettings = {
				ASSETCATALOG_COMPILER_APPICON_NAME = AppIcon;
				ASSETCATALOG_COMPILER_GLOBAL_ACCENT_COLOR_NAME = AccentColor;
				CODE_SIGN_STYLE = Automatic;
				CURRENT_PROJECT_VERSION = 1;
				DEVELOPMENT_TEAM = 877MN2RY22;
				GENERATE_INFOPLIST_FILE = YES;
				INFOPLIST_FILE = Photo/Info.plist;
				INFOPLIST_KEY_UIApplicationSupportsIndirectInputEvents = YES;
				INFOPLIST_KEY_UILaunchStoryboardName = LaunchScreen;
				INFOPLIST_KEY_UISupportedInterfaceOrientations = UIInterfaceOrientationPortrait;
				INFOPLIST_KEY_UISupportedInterfaceOrientations_iPad = "UIInterfaceOrientationPortrait UIInterfaceOrientationPortraitUpsideDown UIInterfaceOrientationLandscapeLeft UIInterfaceOrientationLandscapeRight";
				INFOPLIST_KEY_UISupportedInterfaceOrientations_iPhone = "UIInterfaceOrientationPortrait UIInterfaceOrientationLandscapeLeft UIInterfaceOrientationLandscapeRight";
				LD_RUNPATH_SEARCH_PATHS = (
					"$(inherited)",
					"@executable_path/Frameworks",
				);
				MARKETING_VERSION = 1.0;
				PRODUCT_BUNDLE_IDENTIFIER = yoogail105.Photo;
				PRODUCT_NAME = "$(TARGET_NAME)";
				SWIFT_EMIT_LOC_STRINGS = YES;
				SWIFT_VERSION = 5.0;
				TARGETED_DEVICE_FAMILY = 1;
			};
			name = Release;
		};
/* End XCBuildConfiguration section */

/* Begin XCConfigurationList section */
		23C0CD27284BCF8A002DFEF6 /* Build configuration list for PBXProject "Photo" */ = {
			isa = XCConfigurationList;
			buildConfigurations = (
				23C0CD3E284BCF8B002DFEF6 /* Debug */,
				23C0CD3F284BCF8B002DFEF6 /* Release */,
			);
			defaultConfigurationIsVisible = 0;
			defaultConfigurationName = Release;
		};
		23C0CD40284BCF8B002DFEF6 /* Build configuration list for PBXNativeTarget "Photo" */ = {
			isa = XCConfigurationList;
			buildConfigurations = (
				23C0CD41284BCF8B002DFEF6 /* Debug */,
				23C0CD42284BCF8B002DFEF6 /* Release */,
			);
			defaultConfigurationIsVisible = 0;
			defaultConfigurationName = Release;
		};
/* End XCConfigurationList section */
	};
	rootObject = 23C0CD24284BCF8A002DFEF6 /* Project object */;
}
