PODS:
  - Alamofire (5.5.0)
  - Kingfisher (7.2.0)
  - Moya (15.0.0):
    - Moya/Core (= 15.0.0)
  - Moya/Core (15.0.0):
    - Alamofire (~> 5.0)
  - SnapKit (5.0.1)
  - Then (2.7.0)

DEPENDENCIES:
  - Kingfisher (~> 7.0)
  - Moya (~> 15.0)
  - SnapKit (~> 5.0.0)
  - Then

SPEC REPOS:
  trunk:
    - Alamofire
    - Kingfisher
    - Moya
    - SnapKit
    - Then

SPEC CHECKSUMS:
  Alamofire: 1c4fb5369c3fe93d2857c780d8bbe09f06f97e7c
  Kingfisher: 3ac0b75b155cabc0e544877d1a4deea29feece92
  Moya: 138f0573e53411fb3dc17016add0b748dfbd78ee
  SnapKit: 97b92857e3df3a0c71833cce143274bf6ef8e5eb
  Then: acfe0be7e98221c6204e12f8161459606d5d822d

PODFILE CHECKSUM: 18b056724dd763887061d1b6f4736b960408a9fa

COCOAPODS: 1.11.3
