// !$*UTF8*$!
{
	archiveVersion = 1;
	classes = {
	};
	objectVersion = 55;
	objects = {

/* Begin PBXBuildFile section */
		2323536C2840CBF200AFEEB7 /* BookService.swift in Sources */ = {isa = PBXBuildFile; fileRef = 2323536B2840CBF200AFEEB7 /* BookService.swift */; };
		2323536F2840CC7C00AFEEB7 /* GeneralAPIComponents.swift in Sources */ = {isa = PBXBuildFile; fileRef = 2323536E2840CC7C00AFEEB7 /* GeneralAPIComponents.swift */; };
		232353712840CCA900AFEEB7 /* APIKeysInfo.plist in Resources */ = {isa = PBXBuildFile; fileRef = 232353702840CCA900AFEEB7 /* APIKeysInfo.plist */; };
		232353732840D05A00AFEEB7 /* BookStudy++Bundle.swift in Sources */ = {isa = PBXBuildFile; fileRef = 232353722840D05A00AFEEB7 /* BookStudy++Bundle.swift */; };
		232353752840D49900AFEEB7 /* APIErrorMessage.swift in Sources */ = {isa = PBXBuildFile; fileRef = 232353742840D49900AFEEB7 /* APIErrorMessage.swift */; };
		232353772840D62700AFEEB7 /* BookRequest.swift in Sources */ = {isa = PBXBuildFile; fileRef = 232353762840D62700AFEEB7 /* BookRequest.swift */; };
		232353792840D9F400AFEEB7 /* BookAPI.swift in Sources */ = {isa = PBXBuildFile; fileRef = 232353782840D9F400AFEEB7 /* BookAPI.swift */; };
		2323537B2840E13A00AFEEB7 /* ViewController+TableView.swift in Sources */ = {isa = PBXBuildFile; fileRef = 2323537A2840E13A00AFEEB7 /* ViewController+TableView.swift */; };
		2323537D2841096C00AFEEB7 /* RealmData.swift in Sources */ = {isa = PBXBuildFile; fileRef = 2323537C2841096C00AFEEB7 /* RealmData.swift */; };
		237B38AC282C34630028FD3A /* BookStudyUITests.swift in Sources */ = {isa = PBXBuildFile; fileRef = 237B38AB282C34630028FD3A /* BookStudyUITests.swift */; };
		237B38AE282C34630028FD3A /* BookStudyUITestsLaunchTests.swift in Sources */ = {isa = PBXBuildFile; fileRef = 237B38AD282C34630028FD3A /* BookStudyUITestsLaunchTests.swift */; };
		237B38BB282C346A0028FD3A /* BookStudyTests.swift in Sources */ = {isa = PBXBuildFile; fileRef = 237B38BA282C346A0028FD3A /* BookStudyTests.swift */; };
		23A0823B2826D91900D7D91C /* MyBooksViewController.swift in Sources */ = {isa = PBXBuildFile; fileRef = 23A0823A2826D91900D7D91C /* MyBooksViewController.swift */; };
		23A0823D2826DB7B00D7D91C /* BookTableViewCell.swift in Sources */ = {isa = PBXBuildFile; fileRef = 23A0823C2826DB7B00D7D91C /* BookTableViewCell.swift */; };
		23A0823F2826E80200D7D91C /* Notification+Extension.swift in Sources */ = {isa = PBXBuildFile; fileRef = 23A0823E2826E80200D7D91C /* Notification+Extension.swift */; };
		23A082412826EF6F00D7D91C /* BookModel.swift in Sources */ = {isa = PBXBuildFile; fileRef = 23A082402826EF6F00D7D91C /* BookModel.swift */; };
		23BA27C02826D4C70043657A /* AppDelegate.swift in Sources */ = {isa = PBXBuildFile; fileRef = 23BA27BF2826D4C70043657A /* AppDelegate.swift */; };
		23BA27C22826D4C70043657A /* SceneDelegate.swift in Sources */ = {isa = PBXBuildFile; fileRef = 23BA27C12826D4C70043657A /* SceneDelegate.swift */; };
		23BA27C42826D4C70043657A /* ViewController.swift in Sources */ = {isa = PBXBuildFile; fileRef = 23BA27C32826D4C70043657A /* ViewController.swift */; };
		23BA27C92826D4C90043657A /* Assets.xcassets in Resources */ = {isa = PBXBuildFile; fileRef = 23BA27C82826D4C90043657A /* Assets.xcassets */; };
		23BA27CC2826D4C90043657A /* LaunchScreen.storyboard in Resources */ = {isa = PBXBuildFile; fileRef = 23BA27CA2826D4C90043657A /* LaunchScreen.storyboard */; };
		23BA27D42826D5010043657A /* MainView.swift in Sources */ = {isa = PBXBuildFile; fileRef = 23BA27D32826D5010043657A /* MainView.swift */; };
		BFC517D76FA46CD543D2EE59 /* Pods_BookStudy.framework in Frameworks */ = {isa = PBXBuildFile; fileRef = B446F9BF56BD290D07B445C6 /* Pods_BookStudy.framework */; };
/* End PBXBuildFile section */

/* Begin PBXContainerItemProxy section */
		237B38AF282C34630028FD3A /* PBXContainerItemProxy */ = {
			isa = PBXContainerItemProxy;
			containerPortal = 23BA27B42826D4C70043657A /* Project object */;
			proxyType = 1;
			remoteGlobalIDString = 23BA27BB2826D4C70043657A;
			remoteInfo = BookStudy;
		};
		237B38BC282C346A0028FD3A /* PBXContainerItemProxy */ = {
			isa = PBXContainerItemProxy;
			containerPortal = 23BA27B42826D4C70043657A /* Project object */;
			proxyType = 1;
			remoteGlobalIDString = 23BA27BB2826D4C70043657A;
			remoteInfo = BookStudy;
		};
/* End PBXContainerItemProxy section */

/* Begin PBXFileReference section */
		09F2D563AD5DCFD5AF2F1C43 /* Pods-BookStudy.debug.xcconfig */ = {isa = PBXFileReference; includeInIndex = 1; lastKnownFileType = text.xcconfig; name = "Pods-BookStudy.debug.xcconfig"; path = "Target Support Files/Pods-BookStudy/Pods-BookStudy.debug.xcconfig"; sourceTree = "<group>"; };
		2323536B2840CBF200AFEEB7 /* BookService.swift */ = {isa = PBXFileReference; lastKnownFileType = sourcecode.swift; path = BookService.swift; sourceTree = "<group>"; };
		2323536E2840CC7C00AFEEB7 /* GeneralAPIComponents.swift */ = {isa = PBXFileReference; lastKnownFileType = sourcecode.swift; path = GeneralAPIComponents.swift; sourceTree = "<group>"; };
		232353702840CCA900AFEEB7 /* APIKeysInfo.plist */ = {isa = PBXFileReference; lastKnownFileType = text.plist.xml; path = APIKeysInfo.plist; sourceTree = "<group>"; };
		232353722840D05A00AFEEB7 /* BookStudy++Bundle.swift */ = {isa = PBXFileReference; lastKnownFileType = sourcecode.swift; path = "BookStudy++Bundle.swift"; sourceTree = "<group>"; };
		232353742840D49900AFEEB7 /* APIErrorMessage.swift */ = {isa = PBXFileReference; lastKnownFileType = sourcecode.swift; path = APIErrorMessage.swift; sourceTree = "<group>"; };
		232353762840D62700AFEEB7 /* BookRequest.swift */ = {isa = PBXFileReference; lastKnownFileType = sourcecode.swift; path = BookRequest.swift; sourceTree = "<group>"; };
		232353782840D9F400AFEEB7 /* BookAPI.swift */ = {isa = PBXFileReference; lastKnownFileType = sourcecode.swift; path = BookAPI.swift; sourceTree = "<group>"; };
		2323537A2840E13A00AFEEB7 /* ViewController+TableView.swift */ = {isa = PBXFileReference; lastKnownFileType = sourcecode.swift; path = "ViewController+TableView.swift"; sourceTree = "<group>"; };
		2323537C2841096C00AFEEB7 /* RealmData.swift */ = {isa = PBXFileReference; lastKnownFileType = sourcecode.swift; path = RealmData.swift; sourceTree = "<group>"; };
		237B38A9282C34630028FD3A /* BookStudyUITests.xctest */ = {isa = PBXFileReference; explicitFileType = wrapper.cfbundle; includeInIndex = 0; path = BookStudyUITests.xctest; sourceTree = BUILT_PRODUCTS_DIR; };
		237B38AB282C34630028FD3A /* BookStudyUITests.swift */ = {isa = PBXFileReference; lastKnownFileType = sourcecode.swift; path = BookStudyUITests.swift; sourceTree = "<group>"; };
		237B38AD282C34630028FD3A /* BookStudyUITestsLaunchTests.swift */ = {isa = PBXFileReference; lastKnownFileType = sourcecode.swift; path = BookStudyUITestsLaunchTests.swift; sourceTree = "<group>"; };
		237B38B8282C346A0028FD3A /* BookStudyTests.xctest */ = {isa = PBXFileReference; explicitFileType = wrapper.cfbundle; includeInIndex = 0; path = BookStudyTests.xctest; sourceTree = BUILT_PRODUCTS_DIR; };
		237B38BA282C346A0028FD3A /* BookStudyTests.swift */ = {isa = PBXFileReference; lastKnownFileType = sourcecode.swift; path = BookStudyTests.swift; sourceTree = "<group>"; };
		23A0823A2826D91900D7D91C /* MyBooksViewController.swift */ = {isa = PBXFileReference; lastKnownFileType = sourcecode.swift; path = MyBooksViewController.swift; sourceTree = "<group>"; };
		23A0823C2826DB7B00D7D91C /* BookTableViewCell.swift */ = {isa = PBXFileReference; lastKnownFileType = sourcecode.swift; path = BookTableViewCell.swift; sourceTree = "<group>"; };
		23A0823E2826E80200D7D91C /* Notification+Extension.swift */ = {isa = PBXFileReference; lastKnownFileType = sourcecode.swift; path = "Notification+Extension.swift"; sourceTree = "<group>"; };
		23A082402826EF6F00D7D91C /* BookModel.swift */ = {isa = PBXFileReference; lastKnownFileType = sourcecode.swift; path = BookModel.swift; sourceTree = "<group>"; };
		23BA27BC2826D4C70043657A /* BookStudy.app */ = {isa = PBXFileReference; explicitFileType = wrapper.application; includeInIndex = 0; path = BookStudy.app; sourceTree = BUILT_PRODUCTS_DIR; };
		23BA27BF2826D4C70043657A /* AppDelegate.swift */ = {isa = PBXFileReference; lastKnownFileType = sourcecode.swift; path = AppDelegate.swift; sourceTree = "<group>"; };
		23BA27C12826D4C70043657A /* SceneDelegate.swift */ = {isa = PBXFileReference; lastKnownFileType = sourcecode.swift; path = SceneDelegate.swift; sourceTree = "<group>"; };
		23BA27C32826D4C70043657A /* ViewController.swift */ = {isa = PBXFileReference; lastKnownFileType = sourcecode.swift; path = ViewController.swift; sourceTree = "<group>"; };
		23BA27C82826D4C90043657A /* Assets.xcassets */ = {isa = PBXFileReference; lastKnownFileType = folder.assetcatalog; path = Assets.xcassets; sourceTree = "<group>"; };
		23BA27CB2826D4C90043657A /* Base */ = {isa = PBXFileReference; lastKnownFileType = file.storyboard; name = Base; path = Base.lproj/LaunchScreen.storyboard; sourceTree = "<group>"; };
		23BA27CD2826D4C90043657A /* Info.plist */ = {isa = PBXFileReference; lastKnownFileType = text.plist.xml; path = Info.plist; sourceTree = "<group>"; };
		23BA27D32826D5010043657A /* MainView.swift */ = {isa = PBXFileReference; lastKnownFileType = sourcecode.swift; path = MainView.swift; sourceTree = "<group>"; };
		B446F9BF56BD290D07B445C6 /* Pods_BookStudy.framework */ = {isa = PBXFileReference; explicitFileType = wrapper.framework; includeInIndex = 0; path = Pods_BookStudy.framework; sourceTree = BUILT_PRODUCTS_DIR; };
		FD625F5786C5C372488509D8 /* Pods-BookStudy.release.xcconfig */ = {isa = PBXFileReference; includeInIndex = 1; lastKnownFileType = text.xcconfig; name = "Pods-BookStudy.release.xcconfig"; path = "Target Support Files/Pods-BookStudy/Pods-BookStudy.release.xcconfig"; sourceTree = "<group>"; };
/* End PBXFileReference section */

/* Begin PBXFrameworksBuildPhase section */
		237B38A6282C34630028FD3A /* Frameworks */ = {
			isa = PBXFrameworksBuildPhase;
			buildActionMask = 2147483647;
			files = (
			);
			runOnlyForDeploymentPostprocessing = 0;
		};
		237B38B5282C346A0028FD3A /* Frameworks */ = {
			isa = PBXFrameworksBuildPhase;
			buildActionMask = 2147483647;
			files = (
			);
			runOnlyForDeploymentPostprocessing = 0;
		};
		23BA27B92826D4C70043657A /* Frameworks */ = {
			isa = PBXFrameworksBuildPhase;
			buildActionMask = 2147483647;
			files = (
				BFC517D76FA46CD543D2EE59 /* Pods_BookStudy.framework in Frameworks */,
			);
			runOnlyForDeploymentPostprocessing = 0;
		};
/* End PBXFrameworksBuildPhase section */

/* Begin PBXGroup section */
		13B8F68B37CC87FF990BEEE7 /* Frameworks */ = {
			isa = PBXGroup;
			children = (
				B446F9BF56BD290D07B445C6 /* Pods_BookStudy.framework */,
			);
			name = Frameworks;
			sourceTree = "<group>";
		};
		2323536D2840CC4200AFEEB7 /* API */ = {
			isa = PBXGroup;
			children = (
				2323536B2840CBF200AFEEB7 /* BookService.swift */,
				232353782840D9F400AFEEB7 /* BookAPI.swift */,
				232353762840D62700AFEEB7 /* BookRequest.swift */,
				2323536E2840CC7C00AFEEB7 /* GeneralAPIComponents.swift */,
				232353722840D05A00AFEEB7 /* BookStudy++Bundle.swift */,
				232353702840CCA900AFEEB7 /* APIKeysInfo.plist */,
				232353742840D49900AFEEB7 /* APIErrorMessage.swift */,
			);
			path = API;
			sourceTree = "<group>";
		};
		237B38AA282C34630028FD3A /* BookStudyUITests */ = {
			isa = PBXGroup;
			children = (
				237B38AB282C34630028FD3A /* BookStudyUITests.swift */,
				237B38AD282C34630028FD3A /* BookStudyUITestsLaunchTests.swift */,
			);
			path = BookStudyUITests;
			sourceTree = "<group>";
		};
		237B38B9282C346A0028FD3A /* BookStudyTests */ = {
			isa = PBXGroup;
			children = (
				237B38BA282C346A0028FD3A /* BookStudyTests.swift */,
			);
			path = BookStudyTests;
			sourceTree = "<group>";
		};
		237B38C1282C348C0028FD3A /* Support */ = {
			isa = PBXGroup;
			children = (
				23BA27CA2826D4C90043657A /* LaunchScreen.storyboard */,
				23BA27BF2826D4C70043657A /* AppDelegate.swift */,
				23BA27C12826D4C70043657A /* SceneDelegate.swift */,
			);
			path = Support;
			sourceTree = "<group>";
		};
		237B38C2282C349A0028FD3A /* Controller */ = {
			isa = PBXGroup;
			children = (
				23BA27C32826D4C70043657A /* ViewController.swift */,
				2323537A2840E13A00AFEEB7 /* ViewController+TableView.swift */,
				23A0823A2826D91900D7D91C /* MyBooksViewController.swift */,
			);
			path = Controller;
			sourceTree = "<group>";
		};
		237B38C3282C34A60028FD3A /* Model */ = {
			isa = PBXGroup;
			children = (
				23A082402826EF6F00D7D91C /* BookModel.swift */,
				2323537C2841096C00AFEEB7 /* RealmData.swift */,
			);
			path = Model;
			sourceTree = "<group>";
		};
		237B38C4282C34AC0028FD3A /* View */ = {
			isa = PBXGroup;
			children = (
				237B38C6282C34BB0028FD3A /* Custom */,
				23BA27D32826D5010043657A /* MainView.swift */,
			);
			path = View;
			sourceTree = "<group>";
		};
		237B38C5282C34B40028FD3A /* Extension */ = {
			isa = PBXGroup;
			children = (
				23A0823E2826E80200D7D91C /* Notification+Extension.swift */,
			);
			path = Extension;
			sourceTree = "<group>";
		};
		237B38C6282C34BB0028FD3A /* Custom */ = {
			isa = PBXGroup;
			children = (
				23A0823C2826DB7B00D7D91C /* BookTableViewCell.swift */,
			);
			path = Custom;
			sourceTree = "<group>";
		};
		23BA27B32826D4C70043657A = {
			isa = PBXGroup;
			children = (
				23BA27BE2826D4C70043657A /* BookStudy */,
				237B38AA282C34630028FD3A /* BookStudyUITests */,
				237B38B9282C346A0028FD3A /* BookStudyTests */,
				23BA27BD2826D4C70043657A /* Products */,
				BB105DD24F18177CE0CFB764 /* Pods */,
				13B8F68B37CC87FF990BEEE7 /* Frameworks */,
			);
			sourceTree = "<group>";
		};
		23BA27BD2826D4C70043657A /* Products */ = {
			isa = PBXGroup;
			children = (
				23BA27BC2826D4C70043657A /* BookStudy.app */,
				237B38A9282C34630028FD3A /* BookStudyUITests.xctest */,
				237B38B8282C346A0028FD3A /* BookStudyTests.xctest */,
			);
			name = Products;
			sourceTree = "<group>";
		};
		23BA27BE2826D4C70043657A /* BookStudy */ = {
			isa = PBXGroup;
			children = (
				2323536D2840CC4200AFEEB7 /* API */,
				237B38C2282C349A0028FD3A /* Controller */,
				237B38C5282C34B40028FD3A /* Extension */,
				237B38C4282C34AC0028FD3A /* View */,
				237B38C3282C34A60028FD3A /* Model */,
				237B38C1282C348C0028FD3A /* Support */,
				23BA27C82826D4C90043657A /* Assets.xcassets */,
				23BA27CD2826D4C90043657A /* Info.plist */,
			);
			path = BookStudy;
			sourceTree = "<group>";
		};
		BB105DD24F18177CE0CFB764 /* Pods */ = {
			isa = PBXGroup;
			children = (
				09F2D563AD5DCFD5AF2F1C43 /* Pods-BookStudy.debug.xcconfig */,
				FD625F5786C5C372488509D8 /* Pods-BookStudy.release.xcconfig */,
			);
			path = Pods;
			sourceTree = "<group>";
		};
/* End PBXGroup section */

/* Begin PBXNativeTarget section */
		237B38A8282C34630028FD3A /* BookStudyUITests */ = {
			isa = PBXNativeTarget;
			buildConfigurationList = 237B38B3282C34630028FD3A /* Build configuration list for PBXNativeTarget "BookStudyUITests" */;
			buildPhases = (
				237B38A5282C34630028FD3A /* Sources */,
				237B38A6282C34630028FD3A /* Frameworks */,
				237B38A7282C34630028FD3A /* Resources */,
			);
			buildRules = (
			);
			dependencies = (
				237B38B0282C34630028FD3A /* PBXTargetDependency */,
			);
			name = BookStudyUITests;
			productName = BookStudyUITests;
			productReference = 237B38A9282C34630028FD3A /* BookStudyUITests.xctest */;
			productType = "com.apple.product-type.bundle.ui-testing";
		};
		237B38B7282C346A0028FD3A /* BookStudyTests */ = {
			isa = PBXNativeTarget;
			buildConfigurationList = 237B38BE282C346A0028FD3A /* Build configuration list for PBXNativeTarget "BookStudyTests" */;
			buildPhases = (
				237B38B4282C346A0028FD3A /* Sources */,
				237B38B5282C346A0028FD3A /* Frameworks */,
				237B38B6282C346A0028FD3A /* Resources */,
			);
			buildRules = (
			);
			dependencies = (
				237B38BD282C346A0028FD3A /* PBXTargetDependency */,
			);
			name = BookStudyTests;
			productName = BookStudyTests;
			productReference = 237B38B8282C346A0028FD3A /* BookStudyTests.xctest */;
			productType = "com.apple.product-type.bundle.unit-test";
		};
		23BA27BB2826D4C70043657A /* BookStudy */ = {
			isa = PBXNativeTarget;
			buildConfigurationList = 23BA27D02826D4C90043657A /* Build configuration list for PBXNativeTarget "BookStudy" */;
			buildPhases = (
				7735D75011970670DFAC211E /* [CP] Check Pods Manifest.lock */,
				23BA27B82826D4C70043657A /* Sources */,
				23BA27B92826D4C70043657A /* Frameworks */,
				23BA27BA2826D4C70043657A /* Resources */,
				B9DF69105C2627FCB1B3B953 /* [CP] Embed Pods Frameworks */,
			);
			buildRules = (
			);
			dependencies = (
			);
			name = BookStudy;
			productName = BookStudy;
			productReference = 23BA27BC2826D4C70043657A /* BookStudy.app */;
			productType = "com.apple.product-type.application";
		};
/* End PBXNativeTarget section */

/* Begin PBXProject section */
		23BA27B42826D4C70043657A /* Project object */ = {
			isa = PBXProject;
			attributes = {
				BuildIndependentTargetsInParallel = 1;
				LastSwiftUpdateCheck = 1310;
				LastUpgradeCheck = 1310;
				TargetAttributes = {
					237B38A8282C34630028FD3A = {
						CreatedOnToolsVersion = 13.1;
						TestTargetID = 23BA27BB2826D4C70043657A;
					};
					237B38B7282C346A0028FD3A = {
						CreatedOnToolsVersion = 13.1;
						TestTargetID = 23BA27BB2826D4C70043657A;
					};
					23BA27BB2826D4C70043657A = {
						CreatedOnToolsVersion = 13.1;
					};
				};
			};
			buildConfigurationList = 23BA27B72826D4C70043657A /* Build configuration list for PBXProject "BookStudy" */;
			compatibilityVersion = "Xcode 13.0";
			developmentRegion = en;
			hasScannedForEncodings = 0;
			knownRegions = (
				en,
				Base,
			);
			mainGroup = 23BA27B32826D4C70043657A;
			productRefGroup = 23BA27BD2826D4C70043657A /* Products */;
			projectDirPath = "";
			projectRoot = "";
			targets = (
				23BA27BB2826D4C70043657A /* BookStudy */,
				237B38A8282C34630028FD3A /* BookStudyUITests */,
				237B38B7282C346A0028FD3A /* BookStudyTests */,
			);
		};
/* End PBXProject section */

/* Begin PBXResourcesBuildPhase section */
		237B38A7282C34630028FD3A /* Resources */ = {
			isa = PBXResourcesBuildPhase;
			buildActionMask = 2147483647;
			files = (
			);
			runOnlyForDeploymentPostprocessing = 0;
		};
		237B38B6282C346A0028FD3A /* Resources */ = {
			isa = PBXResourcesBuildPhase;
			buildActionMask = 2147483647;
			files = (
			);
			runOnlyForDeploymentPostprocessing = 0;
		};
		23BA27BA2826D4C70043657A /* Resources */ = {
			isa = PBXResourcesBuildPhase;
			buildActionMask = 2147483647;
			files = (
				232353712840CCA900AFEEB7 /* APIKeysInfo.plist in Resources */,
				23BA27CC2826D4C90043657A /* LaunchScreen.storyboard in Resources */,
				23BA27C92826D4C90043657A /* Assets.xcassets in Resources */,
			);
			runOnlyForDeploymentPostprocessing = 0;
		};
/* End PBXResourcesBuildPhase section */

/* Begin PBXShellScriptBuildPhase section */
		7735D75011970670DFAC211E /* [CP] Check Pods Manifest.lock */ = {
			isa = PBXShellScriptBuildPhase;
			buildActionMask = 2147483647;
			files = (
			);
			inputFileListPaths = (
			);
			inputPaths = (
				"${PODS_PODFILE_DIR_PATH}/Podfile.lock",
				"${PODS_ROOT}/Manifest.lock",
			);
			name = "[CP] Check Pods Manifest.lock";
			outputFileListPaths = (
			);
			outputPaths = (
				"$(DERIVED_FILE_DIR)/Pods-BookStudy-checkManifestLockResult.txt",
			);
			runOnlyForDeploymentPostprocessing = 0;
			shellPath = /bin/sh;
			shellScript = "diff \"${PODS_PODFILE_DIR_PATH}/Podfile.lock\" \"${PODS_ROOT}/Manifest.lock\" > /dev/null\nif [ $? != 0 ] ; then\n    # print error to STDERR\n    echo \"error: The sandbox is not in sync with the Podfile.lock. Run 'pod install' or update your CocoaPods installation.\" >&2\n    exit 1\nfi\n# This output is used by Xcode 'outputs' to avoid re-running this script phase.\necho \"SUCCESS\" > \"${SCRIPT_OUTPUT_FILE_0}\"\n";
			showEnvVarsInLog = 0;
		};
		B9DF69105C2627FCB1B3B953 /* [CP] Embed Pods Frameworks */ = {
			isa = PBXShellScriptBuildPhase;
			buildActionMask = 2147483647;
			files = (
			);
			inputFileListPaths = (
				"${PODS_ROOT}/Target Support Files/Pods-BookStudy/Pods-BookStudy-frameworks-${CONFIGURATION}-input-files.xcfilelist",
			);
			name = "[CP] Embed Pods Frameworks";
			outputFileListPaths = (
				"${PODS_ROOT}/Target Support Files/Pods-BookStudy/Pods-BookStudy-frameworks-${CONFIGURATION}-output-files.xcfilelist",
			);
			runOnlyForDeploymentPostprocessing = 0;
			shellPath = /bin/sh;
			shellScript = "\"${PODS_ROOT}/Target Support Files/Pods-BookStudy/Pods-BookStudy-frameworks.sh\"\n";
			showEnvVarsInLog = 0;
		};
/* End PBXShellScriptBuildPhase section */

/* Begin PBXSourcesBuildPhase section */
		237B38A5282C34630028FD3A /* Sources */ = {
			isa = PBXSourcesBuildPhase;
			buildActionMask = 2147483647;
			files = (
				237B38AC282C34630028FD3A /* BookStudyUITests.swift in Sources */,
				237B38AE282C34630028FD3A /* BookStudyUITestsLaunchTests.swift in Sources */,
			);
			runOnlyForDeploymentPostprocessing = 0;
		};
		237B38B4282C346A0028FD3A /* Sources */ = {
			isa = PBXSourcesBuildPhase;
			buildActionMask = 2147483647;
			files = (
				237B38BB282C346A0028FD3A /* BookStudyTests.swift in Sources */,
			);
			runOnlyForDeploymentPostprocessing = 0;
		};
		23BA27B82826D4C70043657A /* Sources */ = {
			isa = PBXSourcesBuildPhase;
			buildActionMask = 2147483647;
			files = (
				23BA27C42826D4C70043657A /* ViewController.swift in Sources */,
				232353792840D9F400AFEEB7 /* BookAPI.swift in Sources */,
				232353752840D49900AFEEB7 /* APIErrorMessage.swift in Sources */,
				23BA27D42826D5010043657A /* MainView.swift in Sources */,
				23BA27C02826D4C70043657A /* AppDelegate.swift in Sources */,
				2323537D2841096C00AFEEB7 /* RealmData.swift in Sources */,
				23A0823F2826E80200D7D91C /* Notification+Extension.swift in Sources */,
				23BA27C22826D4C70043657A /* SceneDelegate.swift in Sources */,
				23A0823D2826DB7B00D7D91C /* BookTableViewCell.swift in Sources */,
				2323537B2840E13A00AFEEB7 /* ViewController+TableView.swift in Sources */,
				232353772840D62700AFEEB7 /* BookRequest.swift in Sources */,
				232353732840D05A00AFEEB7 /* BookStudy++Bundle.swift in Sources */,
				23A082412826EF6F00D7D91C /* BookModel.swift in Sources */,
				2323536C2840CBF200AFEEB7 /* BookService.swift in Sources */,
				23A0823B2826D91900D7D91C /* MyBooksViewController.swift in Sources */,
				2323536F2840CC7C00AFEEB7 /* GeneralAPIComponents.swift in Sources */,
			);
			runOnlyForDeploymentPostprocessing = 0;
		};
/* End PBXSourcesBuildPhase section */

/* Begin PBXTargetDependency section */
		237B38B0282C34630028FD3A /* PBXTargetDependency */ = {
			isa = PBXTargetDependency;
			target = 23BA27BB2826D4C70043657A /* BookStudy */;
			targetProxy = 237B38AF282C34630028FD3A /* PBXContainerItemProxy */;
		};
		237B38BD282C346A0028FD3A /* PBXTargetDependency */ = {
			isa = PBXTargetDependency;
			target = 23BA27BB2826D4C70043657A /* BookStudy */;
			targetProxy = 237B38BC282C346A0028FD3A /* PBXContainerItemProxy */;
		};
/* End PBXTargetDependency section */

/* Begin PBXVariantGroup section */
		23BA27CA2826D4C90043657A /* LaunchScreen.storyboard */ = {
			isa = PBXVariantGroup;
			children = (
				23BA27CB2826D4C90043657A /* Base */,
			);
			name = LaunchScreen.storyboard;
			sourceTree = "<group>";
		};
/* End PBXVariantGroup section */

/* Begin XCBuildConfiguration section */
		237B38B1282C34630028FD3A /* Debug */ = {
			isa = XCBuildConfiguration;
			buildSettings = {
				CODE_SIGN_STYLE = Automatic;
				CURRENT_PROJECT_VERSION = 1;
				DEVELOPMENT_TEAM = 877MN2RY22;
				GENERATE_INFOPLIST_FILE = YES;
				LD_RUNPATH_SEARCH_PATHS = (
					"$(inherited)",
					"@executable_path/Frameworks",
					"@loader_path/Frameworks",
				);
				MARKETING_VERSION = 1.0;
				PRODUCT_BUNDLE_IDENTIFIER = yoogail105.BookStudyUITests;
				PRODUCT_NAME = "$(TARGET_NAME)";
				SWIFT_EMIT_LOC_STRINGS = NO;
				SWIFT_VERSION = 5.0;
				TARGETED_DEVICE_FAMILY = "1,2";
				TEST_TARGET_NAME = BookStudy;
			};
			name = Debug;
		};
		237B38B2282C34630028FD3A /* Release */ = {
			isa = XCBuildConfiguration;
			buildSettings = {
				CODE_SIGN_STYLE = Automatic;
				CURRENT_PROJECT_VERSION = 1;
				DEVELOPMENT_TEAM = 877MN2RY22;
				GENERATE_INFOPLIST_FILE = YES;
				LD_RUNPATH_SEARCH_PATHS = (
					"$(inherited)",
					"@executable_path/Frameworks",
					"@loader_path/Frameworks",
				);
				MARKETING_VERSION = 1.0;
				PRODUCT_BUNDLE_IDENTIFIER = yoogail105.BookStudyUITests;
				PRODUCT_NAME = "$(TARGET_NAME)";
				SWIFT_EMIT_LOC_STRINGS = NO;
				SWIFT_VERSION = 5.0;
				TARGETED_DEVICE_FAMILY = "1,2";
				TEST_TARGET_NAME = BookStudy;
			};
			name = Release;
		};
		237B38BF282C346A0028FD3A /* Debug */ = {
			isa = XCBuildConfiguration;
			buildSettings = {
				BUNDLE_LOADER = "$(TEST_HOST)";
				CODE_SIGN_STYLE = Automatic;
				CURRENT_PROJECT_VERSION = 1;
				DEVELOPMENT_TEAM = 877MN2RY22;
				GENERATE_INFOPLIST_FILE = YES;
				LD_RUNPATH_SEARCH_PATHS = (
					"$(inherited)",
					"@executable_path/Frameworks",
					"@loader_path/Frameworks",
				);
				MARKETING_VERSION = 1.0;
				PRODUCT_BUNDLE_IDENTIFIER = yoogail105.BookStudyTests;
				PRODUCT_NAME = "$(TARGET_NAME)";
				SWIFT_EMIT_LOC_STRINGS = NO;
				SWIFT_VERSION = 5.0;
				TARGETED_DEVICE_FAMILY = "1,2";
				TEST_HOST = "$(BUILT_PRODUCTS_DIR)/BookStudy.app/BookStudy";
			};
			name = Debug;
		};
		237B38C0282C346A0028FD3A /* Release */ = {
			isa = XCBuildConfiguration;
			buildSettings = {
				BUNDLE_LOADER = "$(TEST_HOST)";
				CODE_SIGN_STYLE = Automatic;
				CURRENT_PROJECT_VERSION = 1;
				DEVELOPMENT_TEAM = 877MN2RY22;
				GENERATE_INFOPLIST_FILE = YES;
				LD_RUNPATH_SEARCH_PATHS = (
					"$(inherited)",
					"@executable_path/Frameworks",
					"@loader_path/Frameworks",
				);
				MARKETING_VERSION = 1.0;
				PRODUCT_BUNDLE_IDENTIFIER = yoogail105.BookStudyTests;
				PRODUCT_NAME = "$(TARGET_NAME)";
				SWIFT_EMIT_LOC_STRINGS = NO;
				SWIFT_VERSION = 5.0;
				TARGETED_DEVICE_FAMILY = "1,2";
				TEST_HOST = "$(BUILT_PRODUCTS_DIR)/BookStudy.app/BookStudy";
			};
			name = Release;
		};
		23BA27CE2826D4C90043657A /* Debug */ = {
			isa = XCBuildConfiguration;
			buildSettings = {
				ALWAYS_SEARCH_USER_PATHS = NO;
				CLANG_ANALYZER_NONNULL = YES;
				CLANG_ANALYZER_NUMBER_OBJECT_CONVERSION = YES_AGGRESSIVE;
				CLANG_CXX_LANGUAGE_STANDARD = "gnu++17";
				CLANG_CXX_LIBRARY = "libc++";
				CLANG_ENABLE_MODULES = YES;
				CLANG_ENABLE_OBJC_ARC = YES;
				CLANG_ENABLE_OBJC_WEAK = YES;
				CLANG_WARN_BLOCK_CAPTURE_AUTORELEASING = YES;
				CLANG_WARN_BOOL_CONVERSION = YES;
				CLANG_WARN_COMMA = YES;
				CLANG_WARN_CONSTANT_CONVERSION = YES;
				CLANG_WARN_DEPRECATED_OBJC_IMPLEMENTATIONS = YES;
				CLANG_WARN_DIRECT_OBJC_ISA_USAGE = YES_ERROR;
				CLANG_WARN_DOCUMENTATION_COMMENTS = YES;
				CLANG_WARN_EMPTY_BODY = YES;
				CLANG_WARN_ENUM_CONVERSION = YES;
				CLANG_WARN_INFINITE_RECURSION = YES;
				CLANG_WARN_INT_CONVERSION = YES;
				CLANG_WARN_NON_LITERAL_NULL_CONVERSION = YES;
				CLANG_WARN_OBJC_IMPLICIT_RETAIN_SELF = YES;
				CLANG_WARN_OBJC_LITERAL_CONVERSION = YES;
				CLANG_WARN_OBJC_ROOT_CLASS = YES_ERROR;
				CLANG_WARN_QUOTED_INCLUDE_IN_FRAMEWORK_HEADER = YES;
				CLANG_WARN_RANGE_LOOP_ANALYSIS = YES;
				CLANG_WARN_STRICT_PROTOTYPES = YES;
				CLANG_WARN_SUSPICIOUS_MOVE = YES;
				CLANG_WARN_UNGUARDED_AVAILABILITY = YES_AGGRESSIVE;
				CLANG_WARN_UNREACHABLE_CODE = YES;
				CLANG_WARN__DUPLICATE_METHOD_MATCH = YES;
				COPY_PHASE_STRIP = NO;
				DEBUG_INFORMATION_FORMAT = dwarf;
				ENABLE_STRICT_OBJC_MSGSEND = YES;
				ENABLE_TESTABILITY = YES;
				GCC_C_LANGUAGE_STANDARD = gnu11;
				GCC_DYNAMIC_NO_PIC = NO;
				GCC_NO_COMMON_BLOCKS = YES;
				GCC_OPTIMIZATION_LEVEL = 0;
				GCC_PREPROCESSOR_DEFINITIONS = (
					"DEBUG=1",
					"$(inherited)",
				);
				GCC_WARN_64_TO_32_BIT_CONVERSION = YES;
				GCC_WARN_ABOUT_RETURN_TYPE = YES_ERROR;
				GCC_WARN_UNDECLARED_SELECTOR = YES;
				GCC_WARN_UNINITIALIZED_AUTOS = YES_AGGRESSIVE;
				GCC_WARN_UNUSED_FUNCTION = YES;
				GCC_WARN_UNUSED_VARIABLE = YES;
				IPHONEOS_DEPLOYMENT_TARGET = 15.0;
				MTL_ENABLE_DEBUG_INFO = INCLUDE_SOURCE;
				MTL_FAST_MATH = YES;
				ONLY_ACTIVE_ARCH = YES;
				SDKROOT = iphoneos;
				SWIFT_ACTIVE_COMPILATION_CONDITIONS = DEBUG;
				SWIFT_OPTIMIZATION_LEVEL = "-Onone";
			};
			name = Debug;
		};
		23BA27CF2826D4C90043657A /* Release */ = {
			isa = XCBuildConfiguration;
			buildSettings = {
				ALWAYS_SEARCH_USER_PATHS = NO;
				CLANG_ANALYZER_NONNULL = YES;
				CLANG_ANALYZER_NUMBER_OBJECT_CONVERSION = YES_AGGRESSIVE;
				CLANG_CXX_LANGUAGE_STANDARD = "gnu++17";
				CLANG_CXX_LIBRARY = "libc++";
				CLANG_ENABLE_MODULES = YES;
				CLANG_ENABLE_OBJC_ARC = YES;
				CLANG_ENABLE_OBJC_WEAK = YES;
				CLANG_WARN_BLOCK_CAPTURE_AUTORELEASING = YES;
				CLANG_WARN_BOOL_CONVERSION = YES;
				CLANG_WARN_COMMA = YES;
				CLANG_WARN_CONSTANT_CONVERSION = YES;
				CLANG_WARN_DEPRECATED_OBJC_IMPLEMENTATIONS = YES;
				CLANG_WARN_DIRECT_OBJC_ISA_USAGE = YES_ERROR;
				CLANG_WARN_DOCUMENTATION_COMMENTS = YES;
				CLANG_WARN_EMPTY_BODY = YES;
				CLANG_WARN_ENUM_CONVERSION = YES;
				CLANG_WARN_INFINITE_RECURSION = YES;
				CLANG_WARN_INT_CONVERSION = YES;
				CLANG_WARN_NON_LITERAL_NULL_CONVERSION = YES;
				CLANG_WARN_OBJC_IMPLICIT_RETAIN_SELF = YES;
				CLANG_WARN_OBJC_LITERAL_CONVERSION = YES;
				CLANG_WARN_OBJC_ROOT_CLASS = YES_ERROR;
				CLANG_WARN_QUOTED_INCLUDE_IN_FRAMEWORK_HEADER = YES;
				CLANG_WARN_RANGE_LOOP_ANALYSIS = YES;
				CLANG_WARN_STRICT_PROTOTYPES = YES;
				CLANG_WARN_SUSPICIOUS_MOVE = YES;
				CLANG_WARN_UNGUARDED_AVAILABILITY = YES_AGGRESSIVE;
				CLANG_WARN_UNREACHABLE_CODE = YES;
				CLANG_WARN__DUPLICATE_METHOD_MATCH = YES;
				COPY_PHASE_STRIP = NO;
				DEBUG_INFORMATION_FORMAT = "dwarf-with-dsym";
				ENABLE_NS_ASSERTIONS = NO;
				ENABLE_STRICT_OBJC_MSGSEND = YES;
				GCC_C_LANGUAGE_STANDARD = gnu11;
				GCC_NO_COMMON_BLOCKS = YES;
				GCC_WARN_64_TO_32_BIT_CONVERSION = YES;
				GCC_WARN_ABOUT_RETURN_TYPE = YES_ERROR;
				GCC_WARN_UNDECLARED_SELECTOR = YES;
				GCC_WARN_UNINITIALIZED_AUTOS = YES_AGGRESSIVE;
				GCC_WARN_UNUSED_FUNCTION = YES;
				GCC_WARN_UNUSED_VARIABLE = YES;
				IPHONEOS_DEPLOYMENT_TARGET = 15.0;
				MTL_ENABLE_DEBUG_INFO = NO;
				MTL_FAST_MATH = YES;
				SDKROOT = iphoneos;
				SWIFT_COMPILATION_MODE = wholemodule;
				SWIFT_OPTIMIZATION_LEVEL = "-O";
				VALIDATE_PRODUCT = YES;
			};
			name = Release;
		};
		23BA27D12826D4C90043657A /* Debug */ = {
			isa = XCBuildConfiguration;
			baseConfigurationReference = 09F2D563AD5DCFD5AF2F1C43 /* Pods-BookStudy.debug.xcconfig */;
			buildSettings = {
				ASSETCATALOG_COMPILER_APPICON_NAME = AppIcon;
				ASSETCATALOG_COMPILER_GLOBAL_ACCENT_COLOR_NAME = AccentColor;
				CODE_SIGN_STYLE = Automatic;
				CURRENT_PROJECT_VERSION = 1;
				DEVELOPMENT_TEAM = 877MN2RY22;
				GENERATE_INFOPLIST_FILE = YES;
				INFOPLIST_FILE = BookStudy/Info.plist;
				INFOPLIST_KEY_UIApplicationSupportsIndirectInputEvents = YES;
				INFOPLIST_KEY_UILaunchStoryboardName = LaunchScreen;
				INFOPLIST_KEY_UISupportedInterfaceOrientations = UIInterfaceOrientationPortrait;
				INFOPLIST_KEY_UISupportedInterfaceOrientations_iPad = "UIInterfaceOrientationPortrait UIInterfaceOrientationPortraitUpsideDown UIInterfaceOrientationLandscapeLeft UIInterfaceOrientationLandscapeRight";
				INFOPLIST_KEY_UISupportedInterfaceOrientations_iPhone = "UIInterfaceOrientationPortrait UIInterfaceOrientationLandscapeLeft UIInterfaceOrientationLandscapeRight";
				LD_RUNPATH_SEARCH_PATHS = (
					"$(inherited)",
					"@executable_path/Frameworks",
				);
				MARKETING_VERSION = 1.0;
				PRODUCT_BUNDLE_IDENTIFIER = yoogail105.BookStudy;
				PRODUCT_NAME = "$(TARGET_NAME)";
				SWIFT_EMIT_LOC_STRINGS = YES;
				SWIFT_VERSION = 5.0;
				TARGETED_DEVICE_FAMILY = 1;
			};
			name = Debug;
		};
		23BA27D22826D4C90043657A /* Release */ = {
			isa = XCBuildConfiguration;
			baseConfigurationReference = FD625F5786C5C372488509D8 /* Pods-BookStudy.release.xcconfig */;
			buildSettings = {
				ASSETCATALOG_COMPILER_APPICON_NAME = AppIcon;
				ASSETCATALOG_COMPILER_GLOBAL_ACCENT_COLOR_NAME = AccentColor;
				CODE_SIGN_STYLE = Automatic;
				CURRENT_PROJECT_VERSION = 1;
				DEVELOPMENT_TEAM = 877MN2RY22;
				GENERATE_INFOPLIST_FILE = YES;
				INFOPLIST_FILE = BookStudy/Info.plist;
				INFOPLIST_KEY_UIApplicationSupportsIndirectInputEvents = YES;
				INFOPLIST_KEY_UILaunchStoryboardName = LaunchScreen;
				INFOPLIST_KEY_UISupportedInterfaceOrientations = UIInterfaceOrientationPortrait;
				INFOPLIST_KEY_UISupportedInterfaceOrientations_iPad = "UIInterfaceOrientationPortrait UIInterfaceOrientationPortraitUpsideDown UIInterfaceOrientationLandscapeLeft UIInterfaceOrientationLandscapeRight";
				INFOPLIST_KEY_UISupportedInterfaceOrientations_iPhone = "UIInterfaceOrientationPortrait UIInterfaceOrientationLandscapeLeft UIInterfaceOrientationLandscapeRight";
				LD_RUNPATH_SEARCH_PATHS = (
					"$(inherited)",
					"@executable_path/Frameworks",
				);
				MARKETING_VERSION = 1.0;
				PRODUCT_BUNDLE_IDENTIFIER = yoogail105.BookStudy;
				PRODUCT_NAME = "$(TARGET_NAME)";
				SWIFT_EMIT_LOC_STRINGS = YES;
				SWIFT_VERSION = 5.0;
				TARGETED_DEVICE_FAMILY = 1;
			};
			name = Release;
		};
/* End XCBuildConfiguration section */

/* Begin XCConfigurationList section */
		237B38B3282C34630028FD3A /* Build configuration list for PBXNativeTarget "BookStudyUITests" */ = {
			isa = XCConfigurationList;
			buildConfigurations = (
				237B38B1282C34630028FD3A /* Debug */,
				237B38B2282C34630028FD3A /* Release */,
			);
			defaultConfigurationIsVisible = 0;
			defaultConfigurationName = Release;
		};
		237B38BE282C346A0028FD3A /* Build configuration list for PBXNativeTarget "BookStudyTests" */ = {
			isa = XCConfigurationList;
			buildConfigurations = (
				237B38BF282C346A0028FD3A /* Debug */,
				237B38C0282C346A0028FD3A /* Release */,
			);
			defaultConfigurationIsVisible = 0;
			defaultConfigurationName = Release;
		};
		23BA27B72826D4C70043657A /* Build configuration list for PBXProject "BookStudy" */ = {
			isa = XCConfigurationList;
			buildConfigurations = (
				23BA27CE2826D4C90043657A /* Debug */,
				23BA27CF2826D4C90043657A /* Release */,
			);
			defaultConfigurationIsVisible = 0;
			defaultConfigurationName = Release;
		};
		23BA27D02826D4C90043657A /* Build configuration list for PBXNativeTarget "BookStudy" */ = {
			isa = XCConfigurationList;
			buildConfigurations = (
				23BA27D12826D4C90043657A /* Debug */,
				23BA27D22826D4C90043657A /* Release */,
			);
			defaultConfigurationIsVisible = 0;
			defaultConfigurationName = Release;
		};
/* End XCConfigurationList section */
	};
	rootObject = 23BA27B42826D4C70043657A /* Project object */;
}
